
Microsoft Visual Studio Solution File, Format Version 12.00
# Visual Studio Version 17
VisualStudioVersion = 17.5.002.0
MinimumVisualStudioVersion = 10.0.40219.1
Project("{9A19103F-16F7-4668-BE54-9A1E7A4F7556}") = "AutoAlarm", "AutoAlarm.csproj", "{AD445236-636F-4541-AD5C-2516FF673225}"
EndProject
Global
	GlobalSection(SolutionConfigurationPlatforms) = preSolution
		Debug|Any CPU = Debug|Any CPU
		Release|Any CPU = Release|Any CPU
	EndGlobalSection
	GlobalSection(ProjectConfigurationPlatforms) = postSolution
		{AD445236-636F-4541-AD5C-2516FF673225}.Debug|Any CPU.ActiveCfg = Debug|Any CPU
		{AD445236-636F-4541-AD5C-2516FF673225}.Debug|Any CPU.Build.0 = Debug|Any CPU
		{AD445236-636F-4541-AD5C-2516FF673225}.Release|Any CPU.ActiveCfg = Release|Any CPU
		{AD445236-636F-4541-AD5C-2516FF673225}.Release|Any CPU.Build.0 = Release|Any CPU
	EndGlobalSection
	GlobalSection(SolutionProperties) = preSolution
		HideSolutionNode = FALSE
	EndGlobalSection
	GlobalSection(ExtensibilityGlobals) = postSolution
		SolutionGuid = {56807A2C-E8AA-409C-BAA5-FFD17271D3A3}
	EndGlobalSection
EndGlobal
